
Microsoft Visual Studio Solution File, Format Version 12.00
# Visual Studio 2017
Project("{FAE04EC0-301F-11D3-BF4B-00C04F79EFBC}") = "FGJ2018", "FGJ2018.csproj", "{A7CB0FEB-8240-0911-DAD1-91D36AE3E5C7}"
EndProject
Global
	GlobalSection(SolutionConfigurationPlatforms) = preSolution
		Debug|Any CPU = Debug|Any CPU
		Release|Any CPU = Release|Any CPU
	EndGlobalSection
	GlobalSection(ProjectConfigurationPlatforms) = postSolution
		{A7CB0FEB-8240-0911-DAD1-91D36AE3E5C7}.Debug|Any CPU.ActiveCfg = Debug|Any CPU
		{A7CB0FEB-8240-0911-DAD1-91D36AE3E5C7}.Debug|Any CPU.Build.0 = Debug|Any CPU
		{A7CB0FEB-8240-0911-DAD1-91D36AE3E5C7}.Release|Any CPU.ActiveCfg = Release|Any CPU
		{A7CB0FEB-8240-0911-DAD1-91D36AE3E5C7}.Release|Any CPU.Build.0 = Release|Any CPU
	EndGlobalSection
	GlobalSection(SolutionProperties) = preSolution
		HideSolutionNode = FALSE
	EndGlobalSection
EndGlobal
