
Microsoft Visual Studio Solution File, Format Version 12.00
# Visual Studio 2015
Project("{FAE04EC0-301F-11D3-BF4B-00C04F79EFBC}") = "FGJ2018.CSharp", "FGJ2018.CSharp.csproj", "{6889E11F-34E7-BF0F-DCED-CEBCB2D5ED60}"
EndProject
Project("{FAE04EC0-301F-11D3-BF4B-00C04F79EFBC}") = "FGJ2018.CSharp.Plugins", "FGJ2018.CSharp.Plugins.csproj", "{859AD996-870B-93B5-0A86-A03E54DAEBD3}"
EndProject
Project("{FAE04EC0-301F-11D3-BF4B-00C04F79EFBC}") = "FGJ2018.CSharp.Editor.Plugins", "FGJ2018.CSharp.Editor.Plugins.csproj", "{D0F2BF53-9BE8-CC66-37B0-AD2DB9801A1B}"
EndProject
Global
	GlobalSection(SolutionConfigurationPlatforms) = preSolution
		Debug|Any CPU = Debug|Any CPU
		Release|Any CPU = Release|Any CPU
	EndGlobalSection
	GlobalSection(ProjectConfigurationPlatforms) = postSolution
		{6889E11F-34E7-BF0F-DCED-CEBCB2D5ED60}.Debug|Any CPU.ActiveCfg = Debug|Any CPU
		{6889E11F-34E7-BF0F-DCED-CEBCB2D5ED60}.Debug|Any CPU.Build.0 = Debug|Any CPU
		{6889E11F-34E7-BF0F-DCED-CEBCB2D5ED60}.Release|Any CPU.ActiveCfg = Release|Any CPU
		{6889E11F-34E7-BF0F-DCED-CEBCB2D5ED60}.Release|Any CPU.Build.0 = Release|Any CPU
		{859AD996-870B-93B5-0A86-A03E54DAEBD3}.Debug|Any CPU.ActiveCfg = Debug|Any CPU
		{859AD996-870B-93B5-0A86-A03E54DAEBD3}.Debug|Any CPU.Build.0 = Debug|Any CPU
		{859AD996-870B-93B5-0A86-A03E54DAEBD3}.Release|Any CPU.ActiveCfg = Release|Any CPU
		{859AD996-870B-93B5-0A86-A03E54DAEBD3}.Release|Any CPU.Build.0 = Release|Any CPU
		{D0F2BF53-9BE8-CC66-37B0-AD2DB9801A1B}.Debug|Any CPU.ActiveCfg = Debug|Any CPU
		{D0F2BF53-9BE8-CC66-37B0-AD2DB9801A1B}.Debug|Any CPU.Build.0 = Debug|Any CPU
		{D0F2BF53-9BE8-CC66-37B0-AD2DB9801A1B}.Release|Any CPU.ActiveCfg = Release|Any CPU
		{D0F2BF53-9BE8-CC66-37B0-AD2DB9801A1B}.Release|Any CPU.Build.0 = Release|Any CPU
	EndGlobalSection
	GlobalSection(SolutionProperties) = preSolution
		HideSolutionNode = FALSE
	EndGlobalSection
EndGlobal
